
Microsoft Visual Studio Solution File, Format Version 12.00
# Visual Studio Version 17
VisualStudioVersion = 17.11.35327.3
MinimumVisualStudioVersion = 10.0.40219.1
Project("{8BC9CEB8-8B4A-11D0-8D11-00A0C91BC942}") = "Rules", "Rules\Rules.vcxproj", "{AFEF60E4-F82E-49BF-9F97-A37C42B28A95}"
EndProject
Global
	GlobalSection(SolutionConfigurationPlatforms) = preSolution
		Debug|x64 = Debug|x64
		Debug|x86 = Debug|x86
		Release|x64 = Release|x64
		Release|x86 = Release|x86
	EndGlobalSection
	GlobalSection(ProjectConfigurationPlatforms) = postSolution
		{AFEF60E4-F82E-49BF-9F97-A37C42B28A95}.Debug|x64.ActiveCfg = Debug|x64
		{AFEF60E4-F82E-49BF-9F97-A37C42B28A95}.Debug|x64.Build.0 = Debug|x64
		{AFEF60E4-F82E-49BF-9F97-A37C42B28A95}.Debug|x86.ActiveCfg = Debug|Win32
		{AFEF60E4-F82E-49BF-9F97-A37C42B28A95}.Debug|x86.Build.0 = Debug|Win32
		{AFEF60E4-F82E-49BF-9F97-A37C42B28A95}.Release|x64.ActiveCfg = Release|x64
		{AFEF60E4-F82E-49BF-9F97-A37C42B28A95}.Release|x64.Build.0 = Release|x64
		{AFEF60E4-F82E-49BF-9F97-A37C42B28A95}.Release|x86.ActiveCfg = Release|Win32
		{AFEF60E4-F82E-49BF-9F97-A37C42B28A95}.Release|x86.Build.0 = Release|Win32
	EndGlobalSection
	GlobalSection(SolutionProperties) = preSolution
		HideSolutionNode = FALSE
	EndGlobalSection
	GlobalSection(ExtensibilityGlobals) = postSolution
		SolutionGuid = {41E7E977-7A30-45AA-AD0B-880F0F21762B}
	EndGlobalSection
EndGlobal
